Microsoft Visual Studio Solution File, Format Version 12.00
# Visual Studio Version 17
VisualStudioVersion = 17.0.32014.148
MinimumVisualStudioVersion = 10.0.40219.1
Project("{9A19103F-16F7-4668-BE54-9A1E7A4F7556}") = "LibSWBF2.NET", "LibSWBF2.NET.csproj", "{5A2ADCC9-C997-4A17-84FA-A759DD6E5384}"
EndProject
Global
	GlobalSection(SolutionConfigurationPlatforms) = preSolution
		Debug|x64 = Debug|x64
		Release|x64 = Release|x64
	EndGlobalSection
	GlobalSection(ProjectConfigurationPlatforms) = postSolution
		{5A2ADCC9-C997-4A17-84FA-A759DD6E5384}.Debug|x64.ActiveCfg = Debug|x64
		{5A2ADCC9-C997-4A17-84FA-A759DD6E5384}.Debug|x64.Build.0 = Debug|x64
		{5A2ADCC9-C997-4A17-84FA-A759DD6E5384}.Release|x64.ActiveCfg = Release|x64
		{5A2ADCC9-C997-4A17-84FA-A759DD6E5384}.Release|x64.Build.0 = Release|x64
	EndGlobalSection
	GlobalSection(SolutionProperties) = preSolution
		HideSolutionNode = FALSE
	EndGlobalSection
	GlobalSection(ExtensibilityGlobals) = postSolution
		SolutionGuid = {0280DC87-E749-4A7D-9A2C-29BE17B4AD68}
	EndGlobalSection
EndGlobal
